
Microsoft Visual Studio Solution File, Format Version 12.00
# Visual Studio Version 16
VisualStudioVersion = 16.0.29215.179
MinimumVisualStudioVersion = 10.0.40219.1
Project("{9A19103F-16F7-4668-BE54-9A1E7A4F7556}") = "Ovning1_forl1", "Ovning1_forl1\Ovning1_forl1.csproj", "{4A641F36-8345-4CDB-97DB-ECFC8F4ABE6B}"
EndProject
Project("{FAE04EC0-301F-11D3-BF4B-00C04F79EFBC}") = "GissaNrSpel", "GissaNrSpel\GissaNrSpel.csproj", "{99822E44-A9E4-4278-A5B4-436B3E4F0613}"
EndProject
Global
	GlobalSection(SolutionConfigurationPlatforms) = preSolution
		Debug|Any CPU = Debug|Any CPU
		Release|Any CPU = Release|Any CPU
	EndGlobalSection
	GlobalSection(ProjectConfigurationPlatforms) = postSolution
		{4A641F36-8345-4CDB-97DB-ECFC8F4ABE6B}.Debug|Any CPU.ActiveCfg = Debug|Any CPU
		{4A641F36-8345-4CDB-97DB-ECFC8F4ABE6B}.Debug|Any CPU.Build.0 = Debug|Any CPU
		{4A641F36-8345-4CDB-97DB-ECFC8F4ABE6B}.Release|Any CPU.ActiveCfg = Release|Any CPU
		{4A641F36-8345-4CDB-97DB-ECFC8F4ABE6B}.Release|Any CPU.Build.0 = Release|Any CPU
		{99822E44-A9E4-4278-A5B4-436B3E4F0613}.Debug|Any CPU.ActiveCfg = Debug|Any CPU
		{99822E44-A9E4-4278-A5B4-436B3E4F0613}.Debug|Any CPU.Build.0 = Debug|Any CPU
		{99822E44-A9E4-4278-A5B4-436B3E4F0613}.Release|Any CPU.ActiveCfg = Release|Any CPU
		{99822E44-A9E4-4278-A5B4-436B3E4F0613}.Release|Any CPU.Build.0 = Release|Any CPU
	EndGlobalSection
	GlobalSection(SolutionProperties) = preSolution
		HideSolutionNode = FALSE
	EndGlobalSection
	GlobalSection(ExtensibilityGlobals) = postSolution
		SolutionGuid = {7F3C8D1F-8C22-4987-9918-BB378FBBF9B7}
	EndGlobalSection
EndGlobal
